{
  "nodes": {
    "fl-config": {
      "locked": {
        "lastModified": 1,
        "narHash": "sha256-PvB9ha0r4w6p412MBPP71kS/ZTBnOjxL0brlmyucPBA=",
        "path": "/nix/store/inmn6k9a80zbb70kk6jkbmwa00a9aazm-source/config",
        "type": "path"
      },
      "original": {
        "path": "/nix/store/inmn6k9a80zbb70kk6jkbmwa00a9aazm-source/config",
        "type": "path"
      }
    },
    "nix-std": {
      "locked": {
        "lastModified": 1652644856,
        "narHash": "sha256-tRRx4bBFwctWrUhnCNrcRee8Wiol1M7ypQTOPrLLtkc=",
        "owner": "flakelib",
        "repo": "std",
        "rev": "194230d45e99ce84cf25ea8b3ae4774601fc097c",
        "type": "github"
      },
      "original": {
        "owner": "flakelib",
        "ref": "master",
        "repo": "std",
        "type": "github"
      }
    },
    "root": {
      "inputs": {
        "fl-config": "fl-config",
        "std": "std"
      }
    },
    "std": {
      "inputs": {
        "nix-std": "nix-std"
      },
      "locked": {
        "lastModified": 1653157927,
        "narHash": "sha256-wT2L4XBu58vu8eKOvLfGK/2h4gwDjhTdLTQbGos1BlU=",
        "owner": "flakelib",
        "repo": "std",
        "rev": "f80d5bedb74de5722a813a9680fa8491817a05b4",
        "type": "github"
      },
      "original": {
        "owner": "flakelib",
        "repo": "std",
        "type": "github"
      }
    }
  },
  "root": "root",
  "version": 7
}
