{
  "nodes": {
    "fl-config": {
      "locked": {
        "lastModified": 1,
        "narHash": "sha256-PvB9ha0r4w6p412MBPP71kS/ZTBnOjxL0brlmyucPBA=",
        "path": "/nix/store/9ssrfc3ljbphhrpbrl9gj9wip60gv2ir-source/config",
        "type": "path"
      },
      "original": {
        "path": "/nix/store/9ssrfc3ljbphhrpbrl9gj9wip60gv2ir-source/config",
        "type": "path"
      }
    },
    "root": {
      "inputs": {
        "fl-config": "fl-config",
        "std": "std"
      }
    },
    "std": {
      "locked": {
        "lastModified": 1650752973,
        "narHash": "sha256-+sFAHWYspyl4NPBYboHTZ7I0gfdoPdwpnEBJ+AQAILY=",
        "owner": "flakelib",
        "repo": "std",
        "rev": "a92e394f4e714d6797303be53a55989e6861c3f2",
        "type": "github"
      },
      "original": {
        "owner": "flakelib",
        "repo": "std",
        "type": "github"
      }
    }
  },
  "root": "root",
  "version": 7
}
