{
  "nodes": {
    "flakeslib": {
      "inputs": {
        "nixpkgs": "nixpkgs"
      },
      "locked": {
        "narHash": "sha256-16QvcGrlTo8uk2HrdyxzKVcWVHW42DmUkFyu49VETLY=",
        "path": "/nix/store/7130g9knc8ap8x8d6fk228jn2xz1n1a3-source/lib",
        "type": "path"
      },
      "original": {
        "path": "/nix/store/7130g9knc8ap8x8d6fk228jn2xz1n1a3-source/lib",
        "type": "path"
      }
    },
    "nixpkgs": {
      "locked": {
        "lastModified": 1637773531,
        "narHash": "sha256-C9KNx/PfOIpPhA93plsHb7l5BpHC0SYJ/c2RQrxq6Vo=",
        "owner": "NixOS",
        "repo": "nixpkgs",
        "rev": "7dbdc0df772cd2d20df60f8683cf8b3f6f1e2bd9",
        "type": "github"
      },
      "original": {
        "id": "nixpkgs",
        "type": "indirect"
      }
    },
    "nixpkgs_2": {
      "locked": {
        "lastModified": 1637811320,
        "narHash": "sha256-E7isaioyGPQ5TGlpgi04dXPIDeRX3F4BJYq5nb2vcQc=",
        "owner": "NixOS",
        "repo": "nixpkgs",
        "rev": "6182b708a8841c6bf61fb12bd97949b746f8663e",
        "type": "github"
      },
      "original": {
        "id": "nixpkgs",
        "type": "indirect"
      }
    },
    "root": {
      "inputs": {
        "flakeslib": "flakeslib",
        "nixpkgs": "nixpkgs_2"
      }
    }
  },
  "root": "root",
  "version": 7
}
