{
  "nodes": {
    "nixpkgs": {
      "locked": {
        "lastModified": 1639791623,
        "narHash": "sha256-2tuQ0jpyazKcZQzohIPZ0+VimVgJXj8ly11pmPbdjUA=",
        "owner": "arcnmx",
        "repo": "nixpkgs-lib",
        "rev": "abcb7960afef5a8960d0da9b092829cafda4fbce",
        "type": "github"
      },
      "original": {
        "owner": "arcnmx",
        "repo": "nixpkgs-lib",
        "type": "github"
      }
    },
    "resolver": {
      "inputs": {
        "std": [
          "std"
        ]
      },
      "locked": {
        "narHash": "sha256-+Jj7tvh9yoQunv5UJKPCm9a7RwDmol3bh75gxJNc5SE=",
        "path": "/home/arc/projects/nix/flakes/resolver",
        "type": "path"
      },
      "original": {
        "id": "flakes-resolver",
        "type": "indirect"
      }
    },
    "root": {
      "inputs": {
        "nixpkgs": "nixpkgs",
        "resolver": "resolver",
        "std": "std"
      }
    },
    "std": {
      "locked": {
        "narHash": "sha256-tgsAHW8z/gYoqx4hMSQaB7idYeP+BadCSyFQNzNc2KM=",
        "path": "/home/arc/projects/nix/std",
        "type": "path"
      },
      "original": {
        "id": "flakes-std",
        "type": "indirect"
      }
    }
  },
  "root": "root",
  "version": 7
}
