{
  "nodes": {
    "nixpkgs": {
      "locked": {
        "lastModified": 1637773531,
        "narHash": "sha256-C9KNx/PfOIpPhA93plsHb7l5BpHC0SYJ/c2RQrxq6Vo=",
        "owner": "NixOS",
        "repo": "nixpkgs",
        "rev": "7dbdc0df772cd2d20df60f8683cf8b3f6f1e2bd9",
        "type": "github"
      },
      "original": {
        "id": "nixpkgs",
        "type": "indirect"
      }
    },
    "root": {
      "inputs": {
        "nixpkgs": "nixpkgs"
      }
    }
  },
  "root": "root",
  "version": 7
}
